// !$*UTF8*$!
{
	archiveVersion = 1;
	classes = {
	};
	objectVersion = 55;
	objects = {

/* Begin PBXBuildFile section */
		32528AAB274529E4006988D6 /* AppDelegate.swift in Sources */ = {isa = PBXBuildFile; fileRef = 32528AAA274529E4006988D6 /* AppDelegate.swift */; };
		32528AB4274529E5006988D6 /* Assets.xcassets in Resources */ = {isa = PBXBuildFile; fileRef = 32528AB3274529E5006988D6 /* Assets.xcassets */; };
		32528AB7274529E5006988D6 /* LaunchScreen.storyboard in Resources */ = {isa = PBXBuildFile; fileRef = 32528AB5274529E5006988D6 /* LaunchScreen.storyboard */; };
		32657E44274A67760020C4A8 /* .swiftlint.yml in Resources */ = {isa = PBXBuildFile; fileRef = 32657E43274A67760020C4A8 /* .swiftlint.yml */; };
		32657E48274A68740020C4A8 /* Alamofire in Frameworks */ = {isa = PBXBuildFile; productRef = 32657E47274A68740020C4A8 /* Alamofire */; };
		32657E50274A68AD0020C4A8 /* Kingfisher in Frameworks */ = {isa = PBXBuildFile; productRef = 32657E4F274A68AD0020C4A8 /* Kingfisher */; };
		32657E53274A68BF0020C4A8 /* SwiftSoup in Frameworks */ = {isa = PBXBuildFile; productRef = 32657E52274A68BF0020C4A8 /* SwiftSoup */; };
		32657E55274A6A170020C4A8 /* HomeViewController.swift in Sources */ = {isa = PBXBuildFile; fileRef = 32657E54274A6A170020C4A8 /* HomeViewController.swift */; };
		32657E58274A6D210020C4A8 /* SnapKit in Frameworks */ = {isa = PBXBuildFile; productRef = 32657E57274A6D210020C4A8 /* SnapKit */; };
		32657E5A274A70AD0020C4A8 /* SearchViewController.swift in Sources */ = {isa = PBXBuildFile; fileRef = 32657E59274A70AD0020C4A8 /* SearchViewController.swift */; };
		32657E5C274A82DC0020C4A8 /* NaverShoppingItem.swift in Sources */ = {isa = PBXBuildFile; fileRef = 32657E5B274A82DC0020C4A8 /* NaverShoppingItem.swift */; };
		32657E5E274A83DA0020C4A8 /* YoutubeVideoItem.swift in Sources */ = {isa = PBXBuildFile; fileRef = 32657E5D274A83DA0020C4A8 /* YoutubeVideoItem.swift */; };
		32657E60274AA47C0020C4A8 /* APIKeyList.plist in Resources */ = {isa = PBXBuildFile; fileRef = 32657E5F274AA47C0020C4A8 /* APIKeyList.plist */; };
		32657E64274AA6EF0020C4A8 /* YoutubeAPIClient.swift in Sources */ = {isa = PBXBuildFile; fileRef = 32657E63274AA6EF0020C4A8 /* YoutubeAPIClient.swift */; };
		32657E66274AAE960020C4A8 /* NaverSearchAPIClient.swift in Sources */ = {isa = PBXBuildFile; fileRef = 32657E65274AAE960020C4A8 /* NaverSearchAPIClient.swift */; };
		32657E69274ABA220020C4A8 /* NaverBlogPost.swift in Sources */ = {isa = PBXBuildFile; fileRef = 32657E68274ABA220020C4A8 /* NaverBlogPost.swift */; };
		32657E6B274ABD560020C4A8 /* DanawaAPIClient.swift in Sources */ = {isa = PBXBuildFile; fileRef = 32657E6A274ABD560020C4A8 /* DanawaAPIClient.swift */; };
		32657E6D274ACDEB0020C4A8 /* BuyOrNotError.swift in Sources */ = {isa = PBXBuildFile; fileRef = 32657E6C274ACDEB0020C4A8 /* BuyOrNotError.swift */; };
		32657E6F274AD3D30020C4A8 /* ProductCategory.swift in Sources */ = {isa = PBXBuildFile; fileRef = 32657E6E274AD3D30020C4A8 /* ProductCategory.swift */; };
		32657E77274CB84E0020C4A8 /* RankManager.swift in Sources */ = {isa = PBXBuildFile; fileRef = 32657E76274CB84E0020C4A8 /* RankManager.swift */; };
		3284061C274FFD97008032E7 /* RankViewController.swift in Sources */ = {isa = PBXBuildFile; fileRef = 3284061B274FFD97008032E7 /* RankViewController.swift */; };
		3284061E274FFEF3008032E7 /* RankCollectionViewCell.swift in Sources */ = {isa = PBXBuildFile; fileRef = 3284061D274FFEF3008032E7 /* RankCollectionViewCell.swift */; };
		3284062027500483008032E7 /* UIApplicationExtension.swift in Sources */ = {isa = PBXBuildFile; fileRef = 3284061F27500483008032E7 /* UIApplicationExtension.swift */; };
		328406222751176A008032E7 /* ProductDetailViewController.swift in Sources */ = {isa = PBXBuildFile; fileRef = 328406212751176A008032E7 /* ProductDetailViewController.swift */; };
		328406242751219C008032E7 /* Product.swift in Sources */ = {isa = PBXBuildFile; fileRef = 328406232751219C008032E7 /* Product.swift */; };
		3284062627512453008032E7 /* ReviewCollectionViewCell.swift in Sources */ = {isa = PBXBuildFile; fileRef = 3284062527512453008032E7 /* ReviewCollectionViewCell.swift */; };
		32B4564A2752929700EADAEF /* ReviewSiteKind.swift in Sources */ = {isa = PBXBuildFile; fileRef = 32B456492752929700EADAEF /* ReviewSiteKind.swift */; };
		32B4564C27529DE500EADAEF /* KakaoSearchAPIClient.swift in Sources */ = {isa = PBXBuildFile; fileRef = 32B4564B27529DE500EADAEF /* KakaoSearchAPIClient.swift */; };
		32B4564E27529EF300EADAEF /* KakaoBlogPost.swift in Sources */ = {isa = PBXBuildFile; fileRef = 32B4564D27529EF300EADAEF /* KakaoBlogPost.swift */; };
		32B55379274E928800CFA954 /* ColorSet.swift in Sources */ = {isa = PBXBuildFile; fileRef = 32B55378274E928800CFA954 /* ColorSet.swift */; };
		32B5537B274F269A00CFA954 /* RecommendProductCell.swift in Sources */ = {isa = PBXBuildFile; fileRef = 32B5537A274F269A00CFA954 /* RecommendProductCell.swift */; };
		32B5537D274F4FA600CFA954 /* CategoryCollectionView.swift in Sources */ = {isa = PBXBuildFile; fileRef = 32B5537C274F4FA600CFA954 /* CategoryCollectionView.swift */; };
		32B5537F274F56B200CFA954 /* UITableViewExtension.swift in Sources */ = {isa = PBXBuildFile; fileRef = 32B5537E274F56B200CFA954 /* UITableViewExtension.swift */; };
		32B55381274F577400CFA954 /* RecommendCollectionView.swift in Sources */ = {isa = PBXBuildFile; fileRef = 32B55380274F577400CFA954 /* RecommendCollectionView.swift */; };
		32B55385274F87E500CFA954 /* ViewSize.swift in Sources */ = {isa = PBXBuildFile; fileRef = 32B55384274F87E500CFA954 /* ViewSize.swift */; };
		32CEBEEA274D72CB00D62074 /* CategoryCell.swift in Sources */ = {isa = PBXBuildFile; fileRef = 32CEBEE9274D72CB00D62074 /* CategoryCell.swift */; };
/* End PBXBuildFile section */

/* Begin PBXFileReference section */
		32528AA7274529E4006988D6 /* BuyOrNot.app */ = {isa = PBXFileReference; explicitFileType = wrapper.application; includeInIndex = 0; path = BuyOrNot.app; sourceTree = BUILT_PRODUCTS_DIR; };
		32528AAA274529E4006988D6 /* AppDelegate.swift */ = {isa = PBXFileReference; lastKnownFileType = sourcecode.swift; path = AppDelegate.swift; sourceTree = "<group>"; };
		32528AB3274529E5006988D6 /* Assets.xcassets */ = {isa = PBXFileReference; lastKnownFileType = folder.assetcatalog; path = Assets.xcassets; sourceTree = "<group>"; };
		32528AB6274529E5006988D6 /* Base */ = {isa = PBXFileReference; lastKnownFileType = file.storyboard; name = Base; path = Base.lproj/LaunchScreen.storyboard; sourceTree = "<group>"; };
		32528AB8274529E5006988D6 /* Info.plist */ = {isa = PBXFileReference; lastKnownFileType = text.plist.xml; path = Info.plist; sourceTree = "<group>"; };
		32657E43274A67760020C4A8 /* .swiftlint.yml */ = {isa = PBXFileReference; lastKnownFileType = text.yaml; path = .swiftlint.yml; sourceTree = "<group>"; };
		32657E54274A6A170020C4A8 /* HomeViewController.swift */ = {isa = PBXFileReference; lastKnownFileType = sourcecode.swift; path = HomeViewController.swift; sourceTree = "<group>"; };
		32657E59274A70AD0020C4A8 /* SearchViewController.swift */ = {isa = PBXFileReference; lastKnownFileType = sourcecode.swift; path = SearchViewController.swift; sourceTree = "<group>"; };
		32657E5B274A82DC0020C4A8 /* NaverShoppingItem.swift */ = {isa = PBXFileReference; lastKnownFileType = sourcecode.swift; path = NaverShoppingItem.swift; sourceTree = "<group>"; };
		32657E5D274A83DA0020C4A8 /* YoutubeVideoItem.swift */ = {isa = PBXFileReference; lastKnownFileType = sourcecode.swift; path = YoutubeVideoItem.swift; sourceTree = "<group>"; };
		32657E5F274AA47C0020C4A8 /* APIKeyList.plist */ = {isa = PBXFileReference; lastKnownFileType = text.plist.xml; path = APIKeyList.plist; sourceTree = "<group>"; };
		32657E63274AA6EF0020C4A8 /* YoutubeAPIClient.swift */ = {isa = PBXFileReference; lastKnownFileType = sourcecode.swift; path = YoutubeAPIClient.swift; sourceTree = "<group>"; };
		32657E65274AAE960020C4A8 /* NaverSearchAPIClient.swift */ = {isa = PBXFileReference; lastKnownFileType = sourcecode.swift; path = NaverSearchAPIClient.swift; sourceTree = "<group>"; };
		32657E68274ABA220020C4A8 /* NaverBlogPost.swift */ = {isa = PBXFileReference; lastKnownFileType = sourcecode.swift; path = NaverBlogPost.swift; sourceTree = "<group>"; };
		32657E6A274ABD560020C4A8 /* DanawaAPIClient.swift */ = {isa = PBXFileReference; lastKnownFileType = sourcecode.swift; path = DanawaAPIClient.swift; sourceTree = "<group>"; };
		32657E6C274ACDEB0020C4A8 /* BuyOrNotError.swift */ = {isa = PBXFileReference; lastKnownFileType = sourcecode.swift; path = BuyOrNotError.swift; sourceTree = "<group>"; };
		32657E6E274AD3D30020C4A8 /* ProductCategory.swift */ = {isa = PBXFileReference; lastKnownFileType = sourcecode.swift; path = ProductCategory.swift; sourceTree = "<group>"; };
		32657E76274CB84E0020C4A8 /* RankManager.swift */ = {isa = PBXFileReference; lastKnownFileType = sourcecode.swift; path = RankManager.swift; sourceTree = "<group>"; };
		3284061B274FFD97008032E7 /* RankViewController.swift */ = {isa = PBXFileReference; lastKnownFileType = sourcecode.swift; path = RankViewController.swift; sourceTree = "<group>"; };
		3284061D274FFEF3008032E7 /* RankCollectionViewCell.swift */ = {isa = PBXFileReference; lastKnownFileType = sourcecode.swift; path = RankCollectionViewCell.swift; sourceTree = "<group>"; };
		3284061F27500483008032E7 /* UIApplicationExtension.swift */ = {isa = PBXFileReference; lastKnownFileType = sourcecode.swift; path = UIApplicationExtension.swift; sourceTree = "<group>"; };
		328406212751176A008032E7 /* ProductDetailViewController.swift */ = {isa = PBXFileReference; lastKnownFileType = sourcecode.swift; path = ProductDetailViewController.swift; sourceTree = "<group>"; };
		328406232751219C008032E7 /* Product.swift */ = {isa = PBXFileReference; lastKnownFileType = sourcecode.swift; path = Product.swift; sourceTree = "<group>"; };
		3284062527512453008032E7 /* ReviewCollectionViewCell.swift */ = {isa = PBXFileReference; lastKnownFileType = sourcecode.swift; path = ReviewCollectionViewCell.swift; sourceTree = "<group>"; };
		32B456492752929700EADAEF /* ReviewSiteKind.swift */ = {isa = PBXFileReference; lastKnownFileType = sourcecode.swift; path = ReviewSiteKind.swift; sourceTree = "<group>"; };
		32B4564B27529DE500EADAEF /* KakaoSearchAPIClient.swift */ = {isa = PBXFileReference; lastKnownFileType = sourcecode.swift; path = KakaoSearchAPIClient.swift; sourceTree = "<group>"; };
		32B4564D27529EF300EADAEF /* KakaoBlogPost.swift */ = {isa = PBXFileReference; lastKnownFileType = sourcecode.swift; path = KakaoBlogPost.swift; sourceTree = "<group>"; };
		32B55378274E928800CFA954 /* ColorSet.swift */ = {isa = PBXFileReference; lastKnownFileType = sourcecode.swift; path = ColorSet.swift; sourceTree = "<group>"; };
		32B5537A274F269A00CFA954 /* RecommendProductCell.swift */ = {isa = PBXFileReference; lastKnownFileType = sourcecode.swift; path = RecommendProductCell.swift; sourceTree = "<group>"; };
		32B5537C274F4FA600CFA954 /* CategoryCollectionView.swift */ = {isa = PBXFileReference; lastKnownFileType = sourcecode.swift; path = CategoryCollectionView.swift; sourceTree = "<group>"; };
		32B5537E274F56B200CFA954 /* UITableViewExtension.swift */ = {isa = PBXFileReference; lastKnownFileType = sourcecode.swift; path = UITableViewExtension.swift; sourceTree = "<group>"; };
		32B55380274F577400CFA954 /* RecommendCollectionView.swift */ = {isa = PBXFileReference; lastKnownFileType = sourcecode.swift; path = RecommendCollectionView.swift; sourceTree = "<group>"; };
		32B55384274F87E500CFA954 /* ViewSize.swift */ = {isa = PBXFileReference; lastKnownFileType = sourcecode.swift; path = ViewSize.swift; sourceTree = "<group>"; };
		32CEBEE9274D72CB00D62074 /* CategoryCell.swift */ = {isa = PBXFileReference; lastKnownFileType = sourcecode.swift; path = CategoryCell.swift; sourceTree = "<group>"; };
/* End PBXFileReference section */

/* Begin PBXFrameworksBuildPhase section */
		32528AA4274529E4006988D6 /* Frameworks */ = {
			isa = PBXFrameworksBuildPhase;
			buildActionMask = 2147483647;
			files = (
				32657E50274A68AD0020C4A8 /* Kingfisher in Frameworks */,
				32657E58274A6D210020C4A8 /* SnapKit in Frameworks */,
				32657E48274A68740020C4A8 /* Alamofire in Frameworks */,
				32657E53274A68BF0020C4A8 /* SwiftSoup in Frameworks */,
			);
			runOnlyForDeploymentPostprocessing = 0;
		};
/* End PBXFrameworksBuildPhase section */

/* Begin PBXGroup section */
		32528A9E274529E4006988D6 = {
			isa = PBXGroup;
			children = (
				32657E43274A67760020C4A8 /* .swiftlint.yml */,
				32528AA9274529E4006988D6 /* BuyOrNot */,
				32528AA8274529E4006988D6 /* Products */,
			);
			sourceTree = "<group>";
		};
		32528AA8274529E4006988D6 /* Products */ = {
			isa = PBXGroup;
			children = (
				32528AA7274529E4006988D6 /* BuyOrNot.app */,
			);
			name = Products;
			sourceTree = "<group>";
		};
		32528AA9274529E4006988D6 /* BuyOrNot */ = {
			isa = PBXGroup;
			children = (
				32657E76274CB84E0020C4A8 /* RankManager.swift */,
				32B55382274F6F4B00CFA954 /* Model */,
				32B55383274F6F5700CFA954 /* Extensions */,
				32657E45274A68160020C4A8 /* EntryPoint */,
				32657E67274AB1330020C4A8 /* APIClients */,
				32657E62274AA6680020C4A8 /* APIModels */,
				32CEBEEB274D72ED00D62074 /* Views */,
				32657E61274AA6590020C4A8 /* ViewControllers */,
				32528AB5274529E5006988D6 /* LaunchScreen.storyboard */,
				32528AB3274529E5006988D6 /* Assets.xcassets */,
				32528AB8274529E5006988D6 /* Info.plist */,
				32657E5F274AA47C0020C4A8 /* APIKeyList.plist */,
			);
			path = BuyOrNot;
			sourceTree = "<group>";
		};
		32657E45274A68160020C4A8 /* EntryPoint */ = {
			isa = PBXGroup;
			children = (
				32528AAA274529E4006988D6 /* AppDelegate.swift */,
			);
			path = EntryPoint;
			sourceTree = "<group>";
		};
		32657E61274AA6590020C4A8 /* ViewControllers */ = {
			isa = PBXGroup;
			children = (
				32657E54274A6A170020C4A8 /* HomeViewController.swift */,
				328406212751176A008032E7 /* ProductDetailViewController.swift */,
				3284061B274FFD97008032E7 /* RankViewController.swift */,
				32657E59274A70AD0020C4A8 /* SearchViewController.swift */,
			);
			path = ViewControllers;
			sourceTree = "<group>";
		};
		32657E62274AA6680020C4A8 /* APIModels */ = {
			isa = PBXGroup;
			children = (
				32657E5B274A82DC0020C4A8 /* NaverShoppingItem.swift */,
				32657E68274ABA220020C4A8 /* NaverBlogPost.swift */,
				32657E5D274A83DA0020C4A8 /* YoutubeVideoItem.swift */,
				32B4564D27529EF300EADAEF /* KakaoBlogPost.swift */,
			);
			path = APIModels;
			sourceTree = "<group>";
		};
		32657E67274AB1330020C4A8 /* APIClients */ = {
			isa = PBXGroup;
			children = (
				32657E63274AA6EF0020C4A8 /* YoutubeAPIClient.swift */,
				32657E6A274ABD560020C4A8 /* DanawaAPIClient.swift */,
				32657E65274AAE960020C4A8 /* NaverSearchAPIClient.swift */,
				32B4564B27529DE500EADAEF /* KakaoSearchAPIClient.swift */,
			);
			path = APIClients;
			sourceTree = "<group>";
		};
		32B55382274F6F4B00CFA954 /* Model */ = {
			isa = PBXGroup;
			children = (
				32657E6E274AD3D30020C4A8 /* ProductCategory.swift */,
				328406232751219C008032E7 /* Product.swift */,
				32657E6C274ACDEB0020C4A8 /* BuyOrNotError.swift */,
				32B55378274E928800CFA954 /* ColorSet.swift */,
				32B55384274F87E500CFA954 /* ViewSize.swift */,
				32B456492752929700EADAEF /* ReviewSiteKind.swift */,
			);
			path = Model;
			sourceTree = "<group>";
		};
		32B55383274F6F5700CFA954 /* Extensions */ = {
			isa = PBXGroup;
			children = (
				32B5537E274F56B200CFA954 /* UITableViewExtension.swift */,
				3284061F27500483008032E7 /* UIApplicationExtension.swift */,
			);
			path = Extensions;
			sourceTree = "<group>";
		};
		32CEBEEB274D72ED00D62074 /* Views */ = {
			isa = PBXGroup;
			children = (
				32CEBEE9274D72CB00D62074 /* CategoryCell.swift */,
				32B5537C274F4FA600CFA954 /* CategoryCollectionView.swift */,
				32B5537A274F269A00CFA954 /* RecommendProductCell.swift */,
				32B55380274F577400CFA954 /* RecommendCollectionView.swift */,
				3284061D274FFEF3008032E7 /* RankCollectionViewCell.swift */,
				3284062527512453008032E7 /* ReviewCollectionViewCell.swift */,
			);
			path = Views;
			sourceTree = "<group>";
		};
/* End PBXGroup section */

/* Begin PBXNativeTarget section */
		32528AA6274529E4006988D6 /* BuyOrNot */ = {
			isa = PBXNativeTarget;
			buildConfigurationList = 32528ABB274529E5006988D6 /* Build configuration list for PBXNativeTarget "BuyOrNot" */;
			buildPhases = (
				32528AA3274529E4006988D6 /* Sources */,
				32528AA4274529E4006988D6 /* Frameworks */,
				32528AA5274529E4006988D6 /* Resources */,
				32657E42274A673F0020C4A8 /* ShellScript */,
			);
			buildRules = (
			);
			dependencies = (
			);
			name = BuyOrNot;
			packageProductDependencies = (
				32657E47274A68740020C4A8 /* Alamofire */,
				32657E4F274A68AD0020C4A8 /* Kingfisher */,
				32657E52274A68BF0020C4A8 /* SwiftSoup */,
				32657E57274A6D210020C4A8 /* SnapKit */,
			);
			productName = BuyOrNot;
			productReference = 32528AA7274529E4006988D6 /* BuyOrNot.app */;
			productType = "com.apple.product-type.application";
		};
/* End PBXNativeTarget section */

/* Begin PBXProject section */
		32528A9F274529E4006988D6 /* Project object */ = {
			isa = PBXProject;
			attributes = {
				BuildIndependentTargetsInParallel = 1;
				LastSwiftUpdateCheck = 1300;
				LastUpgradeCheck = 1300;
				TargetAttributes = {
					32528AA6274529E4006988D6 = {
						CreatedOnToolsVersion = 13.0;
					};
				};
			};
			buildConfigurationList = 32528AA2274529E4006988D6 /* Build configuration list for PBXProject "BuyOrNot" */;
			compatibilityVersion = "Xcode 13.0";
			developmentRegion = en;
			hasScannedForEncodings = 0;
			knownRegions = (
				en,
				Base,
			);
			mainGroup = 32528A9E274529E4006988D6;
			packageReferences = (
				32657E46274A68740020C4A8 /* XCRemoteSwiftPackageReference "Alamofire" */,
				32657E4E274A68AD0020C4A8 /* XCRemoteSwiftPackageReference "Kingfisher" */,
				32657E51274A68BF0020C4A8 /* XCRemoteSwiftPackageReference "SwiftSoup" */,
				32657E56274A6D210020C4A8 /* XCRemoteSwiftPackageReference "SnapKit" */,
			);
			productRefGroup = 32528AA8274529E4006988D6 /* Products */;
			projectDirPath = "";
			projectRoot = "";
			targets = (
				32528AA6274529E4006988D6 /* BuyOrNot */,
			);
		};
/* End PBXProject section */

/* Begin PBXResourcesBuildPhase section */
		32528AA5274529E4006988D6 /* Resources */ = {
			isa = PBXResourcesBuildPhase;
			buildActionMask = 2147483647;
			files = (
				32657E44274A67760020C4A8 /* .swiftlint.yml in Resources */,
				32657E60274AA47C0020C4A8 /* APIKeyList.plist in Resources */,
				32528AB7274529E5006988D6 /* LaunchScreen.storyboard in Resources */,
				32528AB4274529E5006988D6 /* Assets.xcassets in Resources */,
			);
			runOnlyForDeploymentPostprocessing = 0;
		};
/* End PBXResourcesBuildPhase section */

/* Begin PBXShellScriptBuildPhase section */
		32657E42274A673F0020C4A8 /* ShellScript */ = {
			isa = PBXShellScriptBuildPhase;
			buildActionMask = 2147483647;
			files = (
			);
			inputFileListPaths = (
			);
			inputPaths = (
			);
			outputFileListPaths = (
			);
			outputPaths = (
			);
			runOnlyForDeploymentPostprocessing = 0;
			shellPath = /bin/sh;
			shellScript = "if which swiftlint >/dev/null; then\n  swiftlint\nelse\n  echo \"warning: SwiftLint not installed, download from https://github.com/realm/SwiftLint\"\nfi\n";
		};
/* End PBXShellScriptBuildPhase section */

/* Begin PBXSourcesBuildPhase section */
		32528AA3274529E4006988D6 /* Sources */ = {
			isa = PBXSourcesBuildPhase;
			buildActionMask = 2147483647;
			files = (
				32B5537D274F4FA600CFA954 /* CategoryCollectionView.swift in Sources */,
				32B5537B274F269A00CFA954 /* RecommendProductCell.swift in Sources */,
				3284062027500483008032E7 /* UIApplicationExtension.swift in Sources */,
				3284061C274FFD97008032E7 /* RankViewController.swift in Sources */,
				32657E6D274ACDEB0020C4A8 /* BuyOrNotError.swift in Sources */,
				32657E77274CB84E0020C4A8 /* RankManager.swift in Sources */,
				3284061E274FFEF3008032E7 /* RankCollectionViewCell.swift in Sources */,
				32CEBEEA274D72CB00D62074 /* CategoryCell.swift in Sources */,
				32B55379274E928800CFA954 /* ColorSet.swift in Sources */,
				32528AAB274529E4006988D6 /* AppDelegate.swift in Sources */,
				32657E5A274A70AD0020C4A8 /* SearchViewController.swift in Sources */,
				32657E64274AA6EF0020C4A8 /* YoutubeAPIClient.swift in Sources */,
				32657E6F274AD3D30020C4A8 /* ProductCategory.swift in Sources */,
				3284062627512453008032E7 /* ReviewCollectionViewCell.swift in Sources */,
				32657E66274AAE960020C4A8 /* NaverSearchAPIClient.swift in Sources */,
				32B55381274F577400CFA954 /* RecommendCollectionView.swift in Sources */,
				328406222751176A008032E7 /* ProductDetailViewController.swift in Sources */,
				32657E5C274A82DC0020C4A8 /* NaverShoppingItem.swift in Sources */,
				328406242751219C008032E7 /* Product.swift in Sources */,
				32B4564C27529DE500EADAEF /* KakaoSearchAPIClient.swift in Sources */,
				32657E5E274A83DA0020C4A8 /* YoutubeVideoItem.swift in Sources */,
				32B4564A2752929700EADAEF /* ReviewSiteKind.swift in Sources */,
				32B55385274F87E500CFA954 /* ViewSize.swift in Sources */,
				32B4564E27529EF300EADAEF /* KakaoBlogPost.swift in Sources */,
				32657E55274A6A170020C4A8 /* HomeViewController.swift in Sources */,
				32B5537F274F56B200CFA954 /* UITableViewExtension.swift in Sources */,
				32657E69274ABA220020C4A8 /* NaverBlogPost.swift in Sources */,
				32657E6B274ABD560020C4A8 /* DanawaAPIClient.swift in Sources */,
			);
			runOnlyForDeploymentPostprocessing = 0;
		};
/* End PBXSourcesBuildPhase section */

/* Begin PBXVariantGroup section */
		32528AB5274529E5006988D6 /* LaunchScreen.storyboard */ = {
			isa = PBXVariantGroup;
			children = (
				32528AB6274529E5006988D6 /* Base */,
			);
			name = LaunchScreen.storyboard;
			sourceTree = "<group>";
		};
/* End PBXVariantGroup section */

/* Begin XCBuildConfiguration section */
		32528AB9274529E5006988D6 /* Debug */ = {
			isa = XCBuildConfiguration;
			buildSettings = {
				ALWAYS_SEARCH_USER_PATHS = NO;
				CLANG_ANALYZER_NONNULL = YES;
				CLANG_ANALYZER_NUMBER_OBJECT_CONVERSION = YES_AGGRESSIVE;
				CLANG_CXX_LANGUAGE_STANDARD = "gnu++17";
				CLANG_CXX_LIBRARY = "libc++";
				CLANG_ENABLE_MODULES = YES;
				CLANG_ENABLE_OBJC_ARC = YES;
				CLANG_ENABLE_OBJC_WEAK = YES;
				CLANG_WARN_BLOCK_CAPTURE_AUTORELEASING = YES;
				CLANG_WARN_BOOL_CONVERSION = YES;
				CLANG_WARN_COMMA = YES;
				CLANG_WARN_CONSTANT_CONVERSION = YES;
				CLANG_WARN_DEPRECATED_OBJC_IMPLEMENTATIONS = YES;
				CLANG_WARN_DIRECT_OBJC_ISA_USAGE = YES_ERROR;
				CLANG_WARN_DOCUMENTATION_COMMENTS = YES;
				CLANG_WARN_EMPTY_BODY = YES;
				CLANG_WARN_ENUM_CONVERSION = YES;
				CLANG_WARN_INFINITE_RECURSION = YES;
				CLANG_WARN_INT_CONVERSION = YES;
				CLANG_WARN_NON_LITERAL_NULL_CONVERSION = YES;
				CLANG_WARN_OBJC_IMPLICIT_RETAIN_SELF = YES;
				CLANG_WARN_OBJC_LITERAL_CONVERSION = YES;
				CLANG_WARN_OBJC_ROOT_CLASS = YES_ERROR;
				CLANG_WARN_QUOTED_INCLUDE_IN_FRAMEWORK_HEADER = YES;
				CLANG_WARN_RANGE_LOOP_ANALYSIS = YES;
				CLANG_WARN_STRICT_PROTOTYPES = YES;
				CLANG_WARN_SUSPICIOUS_MOVE = YES;
				CLANG_WARN_UNGUARDED_AVAILABILITY = YES_AGGRESSIVE;
				CLANG_WARN_UNREACHABLE_CODE = YES;
				CLANG_WARN__DUPLICATE_METHOD_MATCH = YES;
				COPY_PHASE_STRIP = NO;
				DEBUG_INFORMATION_FORMAT = dwarf;
				ENABLE_STRICT_OBJC_MSGSEND = YES;
				ENABLE_TESTABILITY = YES;
				GCC_C_LANGUAGE_STANDARD = gnu11;
				GCC_DYNAMIC_NO_PIC = NO;
				GCC_NO_COMMON_BLOCKS = YES;
				GCC_OPTIMIZATION_LEVEL = 0;
				GCC_PREPROCESSOR_DEFINITIONS = (
					"DEBUG=1",
					"$(inherited)",
				);
				GCC_WARN_64_TO_32_BIT_CONVERSION = YES;
				GCC_WARN_ABOUT_RETURN_TYPE = YES_ERROR;
				GCC_WARN_UNDECLARED_SELECTOR = YES;
				GCC_WARN_UNINITIALIZED_AUTOS = YES_AGGRESSIVE;
				GCC_WARN_UNUSED_FUNCTION = YES;
				GCC_WARN_UNUSED_VARIABLE = YES;
				IPHONEOS_DEPLOYMENT_TARGET = 12.0;
				MTL_ENABLE_DEBUG_INFO = INCLUDE_SOURCE;
				MTL_FAST_MATH = YES;
				ONLY_ACTIVE_ARCH = YES;
				SDKROOT = iphoneos;
				SWIFT_ACTIVE_COMPILATION_CONDITIONS = DEBUG;
				SWIFT_OPTIMIZATION_LEVEL = "-Onone";
			};
			name = Debug;
		};
		32528ABA274529E5006988D6 /* Release */ = {
			isa = XCBuildConfiguration;
			buildSettings = {
				ALWAYS_SEARCH_USER_PATHS = NO;
				CLANG_ANALYZER_NONNULL = YES;
				CLANG_ANALYZER_NUMBER_OBJECT_CONVERSION = YES_AGGRESSIVE;
				CLANG_CXX_LANGUAGE_STANDARD = "gnu++17";
				CLANG_CXX_LIBRARY = "libc++";
				CLANG_ENABLE_MODULES = YES;
				CLANG_ENABLE_OBJC_ARC = YES;
				CLANG_ENABLE_OBJC_WEAK = YES;
				CLANG_WARN_BLOCK_CAPTURE_AUTORELEASING = YES;
				CLANG_WARN_BOOL_CONVERSION = YES;
				CLANG_WARN_COMMA = YES;
				CLANG_WARN_CONSTANT_CONVERSION = YES;
				CLANG_WARN_DEPRECATED_OBJC_IMPLEMENTATIONS = YES;
				CLANG_WARN_DIRECT_OBJC_ISA_USAGE = YES_ERROR;
				CLANG_WARN_DOCUMENTATION_COMMENTS = YES;
				CLANG_WARN_EMPTY_BODY = YES;
				CLANG_WARN_ENUM_CONVERSION = YES;
				CLANG_WARN_INFINITE_RECURSION = YES;
				CLANG_WARN_INT_CONVERSION = YES;
				CLANG_WARN_NON_LITERAL_NULL_CONVERSION = YES;
				CLANG_WARN_OBJC_IMPLICIT_RETAIN_SELF = YES;
				CLANG_WARN_OBJC_LITERAL_CONVERSION = YES;
				CLANG_WARN_OBJC_ROOT_CLASS = YES_ERROR;
				CLANG_WARN_QUOTED_INCLUDE_IN_FRAMEWORK_HEADER = YES;
				CLANG_WARN_RANGE_LOOP_ANALYSIS = YES;
				CLANG_WARN_STRICT_PROTOTYPES = YES;
				CLANG_WARN_SUSPICIOUS_MOVE = YES;
				CLANG_WARN_UNGUARDED_AVAILABILITY = YES_AGGRESSIVE;
				CLANG_WARN_UNREACHABLE_CODE = YES;
				CLANG_WARN__DUPLICATE_METHOD_MATCH = YES;
				COPY_PHASE_STRIP = NO;
				DEBUG_INFORMATION_FORMAT = "dwarf-with-dsym";
				ENABLE_NS_ASSERTIONS = NO;
				ENABLE_STRICT_OBJC_MSGSEND = YES;
				GCC_C_LANGUAGE_STANDARD = gnu11;
				GCC_NO_COMMON_BLOCKS = YES;
				GCC_WARN_64_TO_32_BIT_CONVERSION = YES;
				GCC_WARN_ABOUT_RETURN_TYPE = YES_ERROR;
				GCC_WARN_UNDECLARED_SELECTOR = YES;
				GCC_WARN_UNINITIALIZED_AUTOS = YES_AGGRESSIVE;
				GCC_WARN_UNUSED_FUNCTION = YES;
				GCC_WARN_UNUSED_VARIABLE = YES;
				IPHONEOS_DEPLOYMENT_TARGET = 12.0;
				MTL_ENABLE_DEBUG_INFO = NO;
				MTL_FAST_MATH = YES;
				SDKROOT = iphoneos;
				SWIFT_COMPILATION_MODE = wholemodule;
				SWIFT_OPTIMIZATION_LEVEL = "-O";
				VALIDATE_PRODUCT = YES;
			};
			name = Release;
		};
		32528ABC274529E5006988D6 /* Debug */ = {
			isa = XCBuildConfiguration;
			buildSettings = {
				ASSETCATALOG_COMPILER_APPICON_NAME = AppIcon;
				ASSETCATALOG_COMPILER_GLOBAL_ACCENT_COLOR_NAME = AccentColor;
				CODE_SIGN_STYLE = Automatic;
				CURRENT_PROJECT_VERSION = 1;
				DEVELOPMENT_TEAM = 267JUTDVY2;
				GENERATE_INFOPLIST_FILE = YES;
				INFOPLIST_FILE = BuyOrNot/Info.plist;
				INFOPLIST_KEY_UIApplicationSupportsIndirectInputEvents = YES;
				INFOPLIST_KEY_UILaunchStoryboardName = LaunchScreen;
				INFOPLIST_KEY_UISupportedInterfaceOrientations_iPad = "UIInterfaceOrientationPortrait UIInterfaceOrientationPortraitUpsideDown UIInterfaceOrientationLandscapeLeft UIInterfaceOrientationLandscapeRight";
				INFOPLIST_KEY_UISupportedInterfaceOrientations_iPhone = "UIInterfaceOrientationPortrait UIInterfaceOrientationLandscapeLeft UIInterfaceOrientationLandscapeRight";
				LD_RUNPATH_SEARCH_PATHS = (
					"$(inherited)",
					"@executable_path/Frameworks",
				);
				MARKETING_VERSION = 1.0;
				PRODUCT_BUNDLE_IDENTIFIER = com.Neph.BuyOrNot;
				PRODUCT_NAME = "$(TARGET_NAME)";
				SWIFT_EMIT_LOC_STRINGS = YES;
				SWIFT_VERSION = 5.0;
				TARGETED_DEVICE_FAMILY = "1,2";
			};
			name = Debug;
		};
		32528ABD274529E5006988D6 /* Release */ = {
			isa = XCBuildConfiguration;
			buildSettings = {
				ASSETCATALOG_COMPILER_APPICON_NAME = AppIcon;
				ASSETCATALOG_COMPILER_GLOBAL_ACCENT_COLOR_NAME = AccentColor;
				CODE_SIGN_STYLE = Automatic;
				CURRENT_PROJECT_VERSION = 1;
				DEVELOPMENT_TEAM = 267JUTDVY2;
				GENERATE_INFOPLIST_FILE = YES;
				INFOPLIST_FILE = BuyOrNot/Info.plist;
				INFOPLIST_KEY_UIApplicationSupportsIndirectInputEvents = YES;
				INFOPLIST_KEY_UILaunchStoryboardName = LaunchScreen;
				INFOPLIST_KEY_UISupportedInterfaceOrientations_iPad = "UIInterfaceOrientationPortrait UIInterfaceOrientationPortraitUpsideDown UIInterfaceOrientationLandscapeLeft UIInterfaceOrientationLandscapeRight";
				INFOPLIST_KEY_UISupportedInterfaceOrientations_iPhone = "UIInterfaceOrientationPortrait UIInterfaceOrientationLandscapeLeft UIInterfaceOrientationLandscapeRight";
				LD_RUNPATH_SEARCH_PATHS = (
					"$(inherited)",
					"@executable_path/Frameworks",
				);
				MARKETING_VERSION = 1.0;
				PRODUCT_BUNDLE_IDENTIFIER = com.Neph.BuyOrNot;
				PRODUCT_NAME = "$(TARGET_NAME)";
				SWIFT_EMIT_LOC_STRINGS = YES;
				SWIFT_VERSION = 5.0;
				TARGETED_DEVICE_FAMILY = "1,2";
			};
			name = Release;
		};
/* End XCBuildConfiguration section */

/* Begin XCConfigurationList section */
		32528AA2274529E4006988D6 /* Build configuration list for PBXProject "BuyOrNot" */ = {
			isa = XCConfigurationList;
			buildConfigurations = (
				32528AB9274529E5006988D6 /* Debug */,
				32528ABA274529E5006988D6 /* Release */,
			);
			defaultConfigurationIsVisible = 0;
			defaultConfigurationName = Release;
		};
		32528ABB274529E5006988D6 /* Build configuration list for PBXNativeTarget "BuyOrNot" */ = {
			isa = XCConfigurationList;
			buildConfigurations = (
				32528ABC274529E5006988D6 /* Debug */,
				32528ABD274529E5006988D6 /* Release */,
			);
			defaultConfigurationIsVisible = 0;
			defaultConfigurationName = Release;
		};
/* End XCConfigurationList section */

/* Begin XCRemoteSwiftPackageReference section */
		32657E46274A68740020C4A8 /* XCRemoteSwiftPackageReference "Alamofire" */ = {
			isa = XCRemoteSwiftPackageReference;
			repositoryURL = "https://github.com/Alamofire/Alamofire.git";
			requirement = {
				branch = master;
				kind = branch;
			};
		};
		32657E4E274A68AD0020C4A8 /* XCRemoteSwiftPackageReference "Kingfisher" */ = {
			isa = XCRemoteSwiftPackageReference;
			repositoryURL = "https://github.com/onevcat/Kingfisher.git";
			requirement = {
				kind = upToNextMajorVersion;
				minimumVersion = 7.0.0;
			};
		};
		32657E51274A68BF0020C4A8 /* XCRemoteSwiftPackageReference "SwiftSoup" */ = {
			isa = XCRemoteSwiftPackageReference;
			repositoryURL = "https://github.com/scinfu/SwiftSoup.git";
			requirement = {
				kind = upToNextMajorVersion;
				minimumVersion = 2.0.0;
			};
		};
		32657E56274A6D210020C4A8 /* XCRemoteSwiftPackageReference "SnapKit" */ = {
			isa = XCRemoteSwiftPackageReference;
			repositoryURL = "https://github.com/SnapKit/SnapKit.git";
			requirement = {
				kind = upToNextMajorVersion;
				minimumVersion = 5.0.0;
			};
		};
/* End XCRemoteSwiftPackageReference section */

/* Begin XCSwiftPackageProductDependency section */
		32657E47274A68740020C4A8 /* Alamofire */ = {
			isa = XCSwiftPackageProductDependency;
			package = 32657E46274A68740020C4A8 /* XCRemoteSwiftPackageReference "Alamofire" */;
			productName = Alamofire;
		};
		32657E4F274A68AD0020C4A8 /* Kingfisher */ = {
			isa = XCSwiftPackageProductDependency;
			package = 32657E4E274A68AD0020C4A8 /* XCRemoteSwiftPackageReference "Kingfisher" */;
			productName = Kingfisher;
		};
		32657E52274A68BF0020C4A8 /* SwiftSoup */ = {
			isa = XCSwiftPackageProductDependency;
			package = 32657E51274A68BF0020C4A8 /* XCRemoteSwiftPackageReference "SwiftSoup" */;
			productName = SwiftSoup;
		};
		32657E57274A6D210020C4A8 /* SnapKit */ = {
			isa = XCSwiftPackageProductDependency;
			package = 32657E56274A6D210020C4A8 /* XCRemoteSwiftPackageReference "SnapKit" */;
			productName = SnapKit;
		};
/* End XCSwiftPackageProductDependency section */
	};
	rootObject = 32528A9F274529E4006988D6 /* Project object */;
}
